
Microsoft Visual Studio Solution File, Format Version 12.00
# Visual Studio Version 16
VisualStudioVersion = 16.0.31624.102
MinimumVisualStudioVersion = 10.0.40219.1
Project("{FAE04EC0-301F-11D3-BF4B-00C04F79EFBC}") = "CursoPOO", "CursoPOO\CursoPOO.csproj", "{B9034374-EFBA-42AF-AD07-02C9903866EC}"
EndProject
Global
	GlobalSection(SolutionConfigurationPlatforms) = preSolution
		Debug|Any CPU = Debug|Any CPU
		Release|Any CPU = Release|Any CPU
	EndGlobalSection
	GlobalSection(ProjectConfigurationPlatforms) = postSolution
		{B9034374-EFBA-42AF-AD07-02C9903866EC}.Debug|Any CPU.ActiveCfg = Debug|Any CPU
		{B9034374-EFBA-42AF-AD07-02C9903866EC}.Debug|Any CPU.Build.0 = Debug|Any CPU
		{B9034374-EFBA-42AF-AD07-02C9903866EC}.Release|Any CPU.ActiveCfg = Release|Any CPU
		{B9034374-EFBA-42AF-AD07-02C9903866EC}.Release|Any CPU.Build.0 = Release|Any CPU
	EndGlobalSection
	GlobalSection(SolutionProperties) = preSolution
		HideSolutionNode = FALSE
	EndGlobalSection
	GlobalSection(ExtensibilityGlobals) = postSolution
		SolutionGuid = {0F95D8D4-BA5C-470D-AE72-3A47FFDD9C83}
	EndGlobalSection
EndGlobal
